
Microsoft Visual Studio Solution File, Format Version 12.00
# Visual Studio Version 17
VisualStudioVersion = 17.4.33213.308
MinimumVisualStudioVersion = 10.0.40219.1
Project("{9A19103F-16F7-4668-BE54-9A1E7A4F7556}") = "MobileShop.Core", "MobileShop.Core\MobileShop.Core.csproj", "{4F81AAF4-33C8-489A-BA3A-5625E58ABB7A}"
EndProject
Project("{9A19103F-16F7-4668-BE54-9A1E7A4F7556}") = "MobileShop.Web", "MobileShop.Web\MobileShop.Web.csproj", "{F1C1EAD6-7FA5-469E-9624-CCAE0E1607D3}"
EndProject
Global
	GlobalSection(SolutionConfigurationPlatforms) = preSolution
		Debug|Any CPU = Debug|Any CPU
		Release|Any CPU = Release|Any CPU
	EndGlobalSection
	GlobalSection(ProjectConfigurationPlatforms) = postSolution
		{4F81AAF4-33C8-489A-BA3A-5625E58ABB7A}.Debug|Any CPU.ActiveCfg = Debug|Any CPU
		{4F81AAF4-33C8-489A-BA3A-5625E58ABB7A}.Debug|Any CPU.Build.0 = Debug|Any CPU
		{4F81AAF4-33C8-489A-BA3A-5625E58ABB7A}.Release|Any CPU.ActiveCfg = Release|Any CPU
		{4F81AAF4-33C8-489A-BA3A-5625E58ABB7A}.Release|Any CPU.Build.0 = Release|Any CPU
		{F1C1EAD6-7FA5-469E-9624-CCAE0E1607D3}.Debug|Any CPU.ActiveCfg = Debug|Any CPU
		{F1C1EAD6-7FA5-469E-9624-CCAE0E1607D3}.Debug|Any CPU.Build.0 = Debug|Any CPU
		{F1C1EAD6-7FA5-469E-9624-CCAE0E1607D3}.Release|Any CPU.ActiveCfg = Release|Any CPU
		{F1C1EAD6-7FA5-469E-9624-CCAE0E1607D3}.Release|Any CPU.Build.0 = Release|Any CPU
	EndGlobalSection
	GlobalSection(SolutionProperties) = preSolution
		HideSolutionNode = FALSE
	EndGlobalSection
	GlobalSection(ExtensibilityGlobals) = postSolution
		SolutionGuid = {D705977A-D7D0-4F93-BDD5-E9A36E212035}
	EndGlobalSection
EndGlobal
